
Microsoft Visual Studio Solution File, Format Version 12.00
# Visual Studio Version 16
VisualStudioVersion = 16.0.31321.278
MinimumVisualStudioVersion = 10.0.40219.1
Project("{FAE04EC0-301F-11D3-BF4B-00C04F79EFBC}") = "ProjectMain", "ProjectMain\ProjectMain.csproj", "{C443E559-4154-41F0-A23F-49E0CCA95DB8}"
EndProject
Global
	GlobalSection(SolutionConfigurationPlatforms) = preSolution
		Debug|Any CPU = Debug|Any CPU
		Release|Any CPU = Release|Any CPU
	EndGlobalSection
	GlobalSection(ProjectConfigurationPlatforms) = postSolution
		{C443E559-4154-41F0-A23F-49E0CCA95DB8}.Debug|Any CPU.ActiveCfg = Debug|Any CPU
		{C443E559-4154-41F0-A23F-49E0CCA95DB8}.Debug|Any CPU.Build.0 = Debug|Any CPU
		{C443E559-4154-41F0-A23F-49E0CCA95DB8}.Release|Any CPU.ActiveCfg = Release|Any CPU
		{C443E559-4154-41F0-A23F-49E0CCA95DB8}.Release|Any CPU.Build.0 = Release|Any CPU
	EndGlobalSection
	GlobalSection(SolutionProperties) = preSolution
		HideSolutionNode = FALSE
	EndGlobalSection
	GlobalSection(ExtensibilityGlobals) = postSolution
		SolutionGuid = {A3E5253C-9CB8-41EA-9141-AA3F179FEE14}
	EndGlobalSection
EndGlobal
